{
  "name": "pulsewand",
  "version": "1.0.0",
  "lockfileVersion": 2,
  "requires": true,
  "packages": {
    "": {
      "name": "pulsewand",
      "version": "1.0.0",
      "dependencies": {
        "lite-server": "^2.6.1"
      }
    },
    "node_modules/lite-server": {
      "version": "2.6.1",
      "resolved": "https://registry.npmjs.org/lite-server/-/lite-server-2.6.1.tgz",
      "integrity": "sha512-d3oyB/C8AU4EwYQHlLxcu6vTQDnCaLb81v1KKNYABmFS5oeJ11A+YxlqtpbTclID1AFddJfcB5klf0q98vYIMw=="
    }
  }
}